// !$*UTF8*$!
{
	archiveVersion = 1;
	classes = {
	};
	objectVersion = 46;
	objects = {

/* Begin PBXBuildFile section */
		9934BA9C1B6E6B90001DE645 /* YouTubeHelper.m in Sources */ = {isa = PBXBuildFile; fileRef = 9934BA9B1B6E6B90001DE645 /* YouTubeHelper.m */; };
		9934BA9E1B6E6D57001DE645 /* wave.mov in Resources */ = {isa = PBXBuildFile; fileRef = 9934BA9D1B6E6D57001DE645 /* wave.mov */; };
		993F5FC61B6E672700B393B8 /* main.m in Sources */ = {isa = PBXBuildFile; fileRef = 993F5FC51B6E672700B393B8 /* main.m */; };
		993F5FC91B6E672700B393B8 /* AppDelegate.m in Sources */ = {isa = PBXBuildFile; fileRef = 993F5FC81B6E672700B393B8 /* AppDelegate.m */; };
		993F5FCC1B6E672700B393B8 /* ViewController.m in Sources */ = {isa = PBXBuildFile; fileRef = 993F5FCB1B6E672700B393B8 /* ViewController.m */; };
		993F5FCF1B6E672700B393B8 /* Main.storyboard in Resources */ = {isa = PBXBuildFile; fileRef = 993F5FCD1B6E672700B393B8 /* Main.storyboard */; };
		993F5FD11B6E672700B393B8 /* Images.xcassets in Resources */ = {isa = PBXBuildFile; fileRef = 993F5FD01B6E672700B393B8 /* Images.xcassets */; };
		993F5FD41B6E672700B393B8 /* LaunchScreen.xib in Resources */ = {isa = PBXBuildFile; fileRef = 993F5FD21B6E672700B393B8 /* LaunchScreen.xib */; };
		993F5FE01B6E672700B393B8 /* YouTubeDemo2Tests.m in Sources */ = {isa = PBXBuildFile; fileRef = 993F5FDF1B6E672700B393B8 /* YouTubeDemo2Tests.m */; };
		B5B54CB50D488B284D589867 /* libPods.a in Frameworks */ = {isa = PBXBuildFile; fileRef = 206FA1DFF8FB57CCC7E0A310 /* libPods.a */; };
/* End PBXBuildFile section */

/* Begin PBXContainerItemProxy section */
		993F5FDA1B6E672700B393B8 /* PBXContainerItemProxy */ = {
			isa = PBXContainerItemProxy;
			containerPortal = 993F5FB81B6E672700B393B8 /* Project object */;
			proxyType = 1;
			remoteGlobalIDString = 993F5FBF1B6E672700B393B8;
			remoteInfo = YouTubeDemo2;
		};
/* End PBXContainerItemProxy section */

/* Begin PBXFileReference section */
		08D7D79731BA7999DF7B409E /* Pods.release.xcconfig */ = {isa = PBXFileReference; includeInIndex = 1; lastKnownFileType = text.xcconfig; name = Pods.release.xcconfig; path = "Pods/Target Support Files/Pods/Pods.release.xcconfig"; sourceTree = "<group>"; };
		206FA1DFF8FB57CCC7E0A310 /* libPods.a */ = {isa = PBXFileReference; explicitFileType = archive.ar; includeInIndex = 0; path = libPods.a; sourceTree = BUILT_PRODUCTS_DIR; };
		3E9C8C04FBFB06CC4267C848 /* Pods.debug.xcconfig */ = {isa = PBXFileReference; includeInIndex = 1; lastKnownFileType = text.xcconfig; name = Pods.debug.xcconfig; path = "Pods/Target Support Files/Pods/Pods.debug.xcconfig"; sourceTree = "<group>"; };
		9934BA9A1B6E6B90001DE645 /* YouTubeHelper.h */ = {isa = PBXFileReference; fileEncoding = 4; lastKnownFileType = sourcecode.c.h; path = YouTubeHelper.h; sourceTree = "<group>"; };
		9934BA9B1B6E6B90001DE645 /* YouTubeHelper.m */ = {isa = PBXFileReference; fileEncoding = 4; lastKnownFileType = sourcecode.c.objc; path = YouTubeHelper.m; sourceTree = "<group>"; };
		9934BA9D1B6E6D57001DE645 /* wave.mov */ = {isa = PBXFileReference; lastKnownFileType = video.quicktime; path = wave.mov; sourceTree = "<group>"; };
		993F5FC01B6E672700B393B8 /* YouTubeDemo2.app */ = {isa = PBXFileReference; explicitFileType = wrapper.application; includeInIndex = 0; path = YouTubeDemo2.app; sourceTree = BUILT_PRODUCTS_DIR; };
		993F5FC41B6E672700B393B8 /* Info.plist */ = {isa = PBXFileReference; lastKnownFileType = text.plist.xml; path = Info.plist; sourceTree = "<group>"; };
		993F5FC51B6E672700B393B8 /* main.m */ = {isa = PBXFileReference; lastKnownFileType = sourcecode.c.objc; path = main.m; sourceTree = "<group>"; };
		993F5FC71B6E672700B393B8 /* AppDelegate.h */ = {isa = PBXFileReference; lastKnownFileType = sourcecode.c.h; path = AppDelegate.h; sourceTree = "<group>"; };
		993F5FC81B6E672700B393B8 /* AppDelegate.m */ = {isa = PBXFileReference; lastKnownFileType = sourcecode.c.objc; path = AppDelegate.m; sourceTree = "<group>"; };
		993F5FCA1B6E672700B393B8 /* ViewController.h */ = {isa = PBXFileReference; lastKnownFileType = sourcecode.c.h; path = ViewController.h; sourceTree = "<group>"; };
		993F5FCB1B6E672700B393B8 /* ViewController.m */ = {isa = PBXFileReference; lastKnownFileType = sourcecode.c.objc; path = ViewController.m; sourceTree = "<group>"; };
		993F5FCE1B6E672700B393B8 /* Base */ = {isa = PBXFileReference; lastKnownFileType = file.storyboard; name = Base; path = Base.lproj/Main.storyboard; sourceTree = "<group>"; };
		993F5FD01B6E672700B393B8 /* Images.xcassets */ = {isa = PBXFileReference; lastKnownFileType = folder.assetcatalog; path = Images.xcassets; sourceTree = "<group>"; };
		993F5FD31B6E672700B393B8 /* Base */ = {isa = PBXFileReference; lastKnownFileType = file.xib; name = Base; path = Base.lproj/LaunchScreen.xib; sourceTree = "<group>"; };
		993F5FD91B6E672700B393B8 /* YouTubeDemo2Tests.xctest */ = {isa = PBXFileReference; explicitFileType = wrapper.cfbundle; includeInIndex = 0; path = YouTubeDemo2Tests.xctest; sourceTree = BUILT_PRODUCTS_DIR; };
		993F5FDE1B6E672700B393B8 /* Info.plist */ = {isa = PBXFileReference; lastKnownFileType = text.plist.xml; path = Info.plist; sourceTree = "<group>"; };
		993F5FDF1B6E672700B393B8 /* YouTubeDemo2Tests.m */ = {isa = PBXFileReference; lastKnownFileType = sourcecode.c.objc; path = YouTubeDemo2Tests.m; sourceTree = "<group>"; };
/* End PBXFileReference section */

/* Begin PBXFrameworksBuildPhase section */
		993F5FBD1B6E672700B393B8 /* Frameworks */ = {
			isa = PBXFrameworksBuildPhase;
			buildActionMask = 2147483647;
			files = (
				B5B54CB50D488B284D589867 /* libPods.a in Frameworks */,
			);
			runOnlyForDeploymentPostprocessing = 0;
		};
		993F5FD61B6E672700B393B8 /* Frameworks */ = {
			isa = PBXFrameworksBuildPhase;
			buildActionMask = 2147483647;
			files = (
			);
			runOnlyForDeploymentPostprocessing = 0;
		};
/* End PBXFrameworksBuildPhase section */

/* Begin PBXGroup section */
		2532DBD92FC23D2E168639C3 /* Frameworks */ = {
			isa = PBXGroup;
			children = (
				206FA1DFF8FB57CCC7E0A310 /* libPods.a */,
			);
			name = Frameworks;
			sourceTree = "<group>";
		};
		2C419806230FF68CBD0C4D10 /* Pods */ = {
			isa = PBXGroup;
			children = (
				3E9C8C04FBFB06CC4267C848 /* Pods.debug.xcconfig */,
				08D7D79731BA7999DF7B409E /* Pods.release.xcconfig */,
			);
			name = Pods;
			sourceTree = "<group>";
		};
		993F5FB71B6E672700B393B8 = {
			isa = PBXGroup;
			children = (
				993F5FC21B6E672700B393B8 /* YouTubeDemo2 */,
				993F5FDC1B6E672700B393B8 /* YouTubeDemo2Tests */,
				993F5FC11B6E672700B393B8 /* Products */,
				2C419806230FF68CBD0C4D10 /* Pods */,
				2532DBD92FC23D2E168639C3 /* Frameworks */,
			);
			sourceTree = "<group>";
		};
		993F5FC11B6E672700B393B8 /* Products */ = {
			isa = PBXGroup;
			children = (
				993F5FC01B6E672700B393B8 /* YouTubeDemo2.app */,
				993F5FD91B6E672700B393B8 /* YouTubeDemo2Tests.xctest */,
			);
			name = Products;
			sourceTree = "<group>";
		};
		993F5FC21B6E672700B393B8 /* YouTubeDemo2 */ = {
			isa = PBXGroup;
			children = (
				993F5FC71B6E672700B393B8 /* AppDelegate.h */,
				993F5FC81B6E672700B393B8 /* AppDelegate.m */,
				993F5FCA1B6E672700B393B8 /* ViewController.h */,
				993F5FCB1B6E672700B393B8 /* ViewController.m */,
				9934BA9A1B6E6B90001DE645 /* YouTubeHelper.h */,
				9934BA9B1B6E6B90001DE645 /* YouTubeHelper.m */,
				993F5FCD1B6E672700B393B8 /* Main.storyboard */,
				9934BA9D1B6E6D57001DE645 /* wave.mov */,
				993F5FD01B6E672700B393B8 /* Images.xcassets */,
				993F5FD21B6E672700B393B8 /* LaunchScreen.xib */,
				993F5FC31B6E672700B393B8 /* Supporting Files */,
			);
			path = YouTubeDemo2;
			sourceTree = "<group>";
		};
		993F5FC31B6E672700B393B8 /* Supporting Files */ = {
			isa = PBXGroup;
			children = (
				993F5FC41B6E672700B393B8 /* Info.plist */,
				993F5FC51B6E672700B393B8 /* main.m */,
			);
			name = "Supporting Files";
			sourceTree = "<group>";
		};
		993F5FDC1B6E672700B393B8 /* YouTubeDemo2Tests */ = {
			isa = PBXGroup;
			children = (
				993F5FDF1B6E672700B393B8 /* YouTubeDemo2Tests.m */,
				993F5FDD1B6E672700B393B8 /* Supporting Files */,
			);
			path = YouTubeDemo2Tests;
			sourceTree = "<group>";
		};
		993F5FDD1B6E672700B393B8 /* Supporting Files */ = {
			isa = PBXGroup;
			children = (
				993F5FDE1B6E672700B393B8 /* Info.plist */,
			);
			name = "Supporting Files";
			sourceTree = "<group>";
		};
/* End PBXGroup section */

/* Begin PBXNativeTarget section */
		993F5FBF1B6E672700B393B8 /* YouTubeDemo2 */ = {
			isa = PBXNativeTarget;
			buildConfigurationList = 993F5FE31B6E672700B393B8 /* Build configuration list for PBXNativeTarget "YouTubeDemo2" */;
			buildPhases = (
				CCD65D4D37470A40976741C2 /* Check Pods Manifest.lock */,
				993F5FBC1B6E672700B393B8 /* Sources */,
				993F5FBD1B6E672700B393B8 /* Frameworks */,
				993F5FBE1B6E672700B393B8 /* Resources */,
				5EA8F3E972BD2912DCD4B560 /* Copy Pods Resources */,
			);
			buildRules = (
			);
			dependencies = (
			);
			name = YouTubeDemo2;
			productName = YouTubeDemo2;
			productReference = 993F5FC01B6E672700B393B8 /* YouTubeDemo2.app */;
			productType = "com.apple.product-type.application";
		};
		993F5FD81B6E672700B393B8 /* YouTubeDemo2Tests */ = {
			isa = PBXNativeTarget;
			buildConfigurationList = 993F5FE61B6E672700B393B8 /* Build configuration list for PBXNativeTarget "YouTubeDemo2Tests" */;
			buildPhases = (
				993F5FD51B6E672700B393B8 /* Sources */,
				993F5FD61B6E672700B393B8 /* Frameworks */,
				993F5FD71B6E672700B393B8 /* Resources */,
			);
			buildRules = (
			);
			dependencies = (
				993F5FDB1B6E672700B393B8 /* PBXTargetDependency */,
			);
			name = YouTubeDemo2Tests;
			productName = YouTubeDemo2Tests;
			productReference = 993F5FD91B6E672700B393B8 /* YouTubeDemo2Tests.xctest */;
			productType = "com.apple.product-type.bundle.unit-test";
		};
/* End PBXNativeTarget section */

/* Begin PBXProject section */
		993F5FB81B6E672700B393B8 /* Project object */ = {
			isa = PBXProject;
			attributes = {
				LastUpgradeCheck = 0640;
				ORGANIZATIONNAME = "Kevin Casey";
				TargetAttributes = {
					993F5FBF1B6E672700B393B8 = {
						CreatedOnToolsVersion = 6.4;
					};
					993F5FD81B6E672700B393B8 = {
						CreatedOnToolsVersion = 6.4;
						TestTargetID = 993F5FBF1B6E672700B393B8;
					};
				};
			};
			buildConfigurationList = 993F5FBB1B6E672700B393B8 /* Build configuration list for PBXProject "YouTubeDemo2" */;
			compatibilityVersion = "Xcode 3.2";
			developmentRegion = English;
			hasScannedForEncodings = 0;
			knownRegions = (
				en,
				Base,
			);
			mainGroup = 993F5FB71B6E672700B393B8;
			productRefGroup = 993F5FC11B6E672700B393B8 /* Products */;
			projectDirPath = "";
			projectRoot = "";
			targets = (
				993F5FBF1B6E672700B393B8 /* YouTubeDemo2 */,
				993F5FD81B6E672700B393B8 /* YouTubeDemo2Tests */,
			);
		};
/* End PBXProject section */

/* Begin PBXResourcesBuildPhase section */
		993F5FBE1B6E672700B393B8 /* Resources */ = {
			isa = PBXResourcesBuildPhase;
			buildActionMask = 2147483647;
			files = (
				993F5FCF1B6E672700B393B8 /* Main.storyboard in Resources */,
				993F5FD41B6E672700B393B8 /* LaunchScreen.xib in Resources */,
				993F5FD11B6E672700B393B8 /* Images.xcassets in Resources */,
				9934BA9E1B6E6D57001DE645 /* wave.mov in Resources */,
			);
			runOnlyForDeploymentPostprocessing = 0;
		};
		993F5FD71B6E672700B393B8 /* Resources */ = {
			isa = PBXResourcesBuildPhase;
			buildActionMask = 2147483647;
			files = (
			);
			runOnlyForDeploymentPostprocessing = 0;
		};
/* End PBXResourcesBuildPhase section */

/* Begin PBXShellScriptBuildPhase section */
		5EA8F3E972BD2912DCD4B560 /* Copy Pods Resources */ = {
			isa = PBXShellScriptBuildPhase;
			buildActionMask = 2147483647;
			files = (
			);
			inputPaths = (
			);
			name = "Copy Pods Resources";
			outputPaths = (
			);
			runOnlyForDeploymentPostprocessing = 0;
			shellPath = /bin/sh;
			shellScript = "\"${SRCROOT}/Pods/Target Support Files/Pods/Pods-resources.sh\"\n";
			showEnvVarsInLog = 0;
		};
		CCD65D4D37470A40976741C2 /* Check Pods Manifest.lock */ = {
			isa = PBXShellScriptBuildPhase;
			buildActionMask = 2147483647;
			files = (
			);
			inputPaths = (
			);
			name = "Check Pods Manifest.lock";
			outputPaths = (
			);
			runOnlyForDeploymentPostprocessing = 0;
			shellPath = /bin/sh;
			shellScript = "diff \"${PODS_ROOT}/../Podfile.lock\" \"${PODS_ROOT}/Manifest.lock\" > /dev/null\nif [[ $? != 0 ]] ; then\n    cat << EOM\nerror: The sandbox is not in sync with the Podfile.lock. Run 'pod install' or update your CocoaPods installation.\nEOM\n    exit 1\nfi\n";
			showEnvVarsInLog = 0;
		};
/* End PBXShellScriptBuildPhase section */

/* Begin PBXSourcesBuildPhase section */
		993F5FBC1B6E672700B393B8 /* Sources */ = {
			isa = PBXSourcesBuildPhase;
			buildActionMask = 2147483647;
			files = (
				993F5FCC1B6E672700B393B8 /* ViewController.m in Sources */,
				993F5FC91B6E672700B393B8 /* AppDelegate.m in Sources */,
				993F5FC61B6E672700B393B8 /* main.m in Sources */,
				9934BA9C1B6E6B90001DE645 /* YouTubeHelper.m in Sources */,
			);
			runOnlyForDeploymentPostprocessing = 0;
		};
		993F5FD51B6E672700B393B8 /* Sources */ = {
			isa = PBXSourcesBuildPhase;
			buildActionMask = 2147483647;
			files = (
				993F5FE01B6E672700B393B8 /* YouTubeDemo2Tests.m in Sources */,
			);
			runOnlyForDeploymentPostprocessing = 0;
		};
/* End PBXSourcesBuildPhase section */

/* Begin PBXTargetDependency section */
		993F5FDB1B6E672700B393B8 /* PBXTargetDependency */ = {
			isa = PBXTargetDependency;
			target = 993F5FBF1B6E672700B393B8 /* YouTubeDemo2 */;
			targetProxy = 993F5FDA1B6E672700B393B8 /* PBXContainerItemProxy */;
		};
/* End PBXTargetDependency section */

/* Begin PBXVariantGroup section */
		993F5FCD1B6E672700B393B8 /* Main.storyboard */ = {
			isa = PBXVariantGroup;
			children = (
				993F5FCE1B6E672700B393B8 /* Base */,
			);
			name = Main.storyboard;
			sourceTree = "<group>";
		};
		993F5FD21B6E672700B393B8 /* LaunchScreen.xib */ = {
			isa = PBXVariantGroup;
			children = (
				993F5FD31B6E672700B393B8 /* Base */,
			);
			name = LaunchScreen.xib;
			sourceTree = "<group>";
		};
/* End PBXVariantGroup section */

/* Begin XCBuildConfiguration section */
		993F5FE11B6E672700B393B8 /* Debug */ = {
			isa = XCBuildConfiguration;
			buildSettings = {
				ALWAYS_SEARCH_USER_PATHS = NO;
				CLANG_CXX_LANGUAGE_STANDARD = "gnu++0x";
				CLANG_CXX_LIBRARY = "libc++";
				CLANG_ENABLE_MODULES = YES;
				CLANG_ENABLE_OBJC_ARC = YES;
				CLANG_WARN_BOOL_CONVERSION = YES;
				CLANG_WARN_CONSTANT_CONVERSION = YES;
				CLANG_WARN_DIRECT_OBJC_ISA_USAGE = YES_ERROR;
				CLANG_WARN_EMPTY_BODY = YES;
				CLANG_WARN_ENUM_CONVERSION = YES;
				CLANG_WARN_INT_CONVERSION = YES;
				CLANG_WARN_OBJC_ROOT_CLASS = YES_ERROR;
				CLANG_WARN_UNREACHABLE_CODE = YES;
				CLANG_WARN__DUPLICATE_METHOD_MATCH = YES;
				"CODE_SIGN_IDENTITY[sdk=iphoneos*]" = "iPhone Developer";
				COPY_PHASE_STRIP = NO;
				DEBUG_INFORMATION_FORMAT = "dwarf-with-dsym";
				ENABLE_STRICT_OBJC_MSGSEND = YES;
				GCC_C_LANGUAGE_STANDARD = gnu99;
				GCC_DYNAMIC_NO_PIC = NO;
				GCC_NO_COMMON_BLOCKS = YES;
				GCC_OPTIMIZATION_LEVEL = 0;
				GCC_PREPROCESSOR_DEFINITIONS = (
					"DEBUG=1",
					"$(inherited)",
				);
				GCC_SYMBOLS_PRIVATE_EXTERN = NO;
				GCC_WARN_64_TO_32_BIT_CONVERSION = YES;
				GCC_WARN_ABOUT_RETURN_TYPE = YES_ERROR;
				GCC_WARN_UNDECLARED_SELECTOR = YES;
				GCC_WARN_UNINITIALIZED_AUTOS = YES_AGGRESSIVE;
				GCC_WARN_UNUSED_FUNCTION = YES;
				GCC_WARN_UNUSED_VARIABLE = YES;
				IPHONEOS_DEPLOYMENT_TARGET = 8.4;
				MTL_ENABLE_DEBUG_INFO = YES;
				ONLY_ACTIVE_ARCH = YES;
				SDKROOT = iphoneos;
				TARGETED_DEVICE_FAMILY = "1,2";
			};
			name = Debug;
		};
		993F5FE21B6E672700B393B8 /* Release */ = {
			isa = XCBuildConfiguration;
			buildSettings = {
				ALWAYS_SEARCH_USER_PATHS = NO;
				CLANG_CXX_LANGUAGE_STANDARD = "gnu++0x";
				CLANG_CXX_LIBRARY = "libc++";
				CLANG_ENABLE_MODULES = YES;
				CLANG_ENABLE_OBJC_ARC = YES;
				CLANG_WARN_BOOL_CONVERSION = YES;
				CLANG_WARN_CONSTANT_CONVERSION = YES;
				CLANG_WARN_DIRECT_OBJC_ISA_USAGE = YES_ERROR;
				CLANG_WARN_EMPTY_BODY = YES;
				CLANG_WARN_ENUM_CONVERSION = YES;
				CLANG_WARN_INT_CONVERSION = YES;
				CLANG_WARN_OBJC_ROOT_CLASS = YES_ERROR;
				CLANG_WARN_UNREACHABLE_CODE = YES;
				CLANG_WARN__DUPLICATE_METHOD_MATCH = YES;
				"CODE_SIGN_IDENTITY[sdk=iphoneos*]" = "iPhone Developer";
				COPY_PHASE_STRIP = NO;
				DEBUG_INFORMATION_FORMAT = "dwarf-with-dsym";
				ENABLE_NS_ASSERTIONS = NO;
				ENABLE_STRICT_OBJC_MSGSEND = YES;
				GCC_C_LANGUAGE_STANDARD = gnu99;
				GCC_NO_COMMON_BLOCKS = YES;
				GCC_WARN_64_TO_32_BIT_CONVERSION = YES;
				GCC_WARN_ABOUT_RETURN_TYPE = YES_ERROR;
				GCC_WARN_UNDECLARED_SELECTOR = YES;
				GCC_WARN_UNINITIALIZED_AUTOS = YES_AGGRESSIVE;
				GCC_WARN_UNUSED_FUNCTION = YES;
				GCC_WARN_UNUSED_VARIABLE = YES;
				IPHONEOS_DEPLOYMENT_TARGET = 8.4;
				MTL_ENABLE_DEBUG_INFO = NO;
				SDKROOT = iphoneos;
				TARGETED_DEVICE_FAMILY = "1,2";
				VALIDATE_PRODUCT = YES;
			};
			name = Release;
		};
		993F5FE41B6E672700B393B8 /* Debug */ = {
			isa = XCBuildConfiguration;
			baseConfigurationReference = 3E9C8C04FBFB06CC4267C848 /* Pods.debug.xcconfig */;
			buildSettings = {
				ASSETCATALOG_COMPILER_APPICON_NAME = AppIcon;
				INFOPLIST_FILE = YouTubeDemo2/Info.plist;
				LD_RUNPATH_SEARCH_PATHS = "$(inherited) @executable_path/Frameworks";
				PRODUCT_NAME = "$(TARGET_NAME)";
			};
			name = Debug;
		};
		993F5FE51B6E672700B393B8 /* Release */ = {
			isa = XCBuildConfiguration;
			baseConfigurationReference = 08D7D79731BA7999DF7B409E /* Pods.release.xcconfig */;
			buildSettings = {
				ASSETCATALOG_COMPILER_APPICON_NAME = AppIcon;
				INFOPLIST_FILE = YouTubeDemo2/Info.plist;
				LD_RUNPATH_SEARCH_PATHS = "$(inherited) @executable_path/Frameworks";
				PRODUCT_NAME = "$(TARGET_NAME)";
			};
			name = Release;
		};
		993F5FE71B6E672700B393B8 /* Debug */ = {
			isa = XCBuildConfiguration;
			buildSettings = {
				BUNDLE_LOADER = "$(TEST_HOST)";
				FRAMEWORK_SEARCH_PATHS = (
					"$(SDKROOT)/Developer/Library/Frameworks",
					"$(inherited)",
				);
				GCC_PREPROCESSOR_DEFINITIONS = (
					"DEBUG=1",
					"$(inherited)",
				);
				INFOPLIST_FILE = YouTubeDemo2Tests/Info.plist;
				LD_RUNPATH_SEARCH_PATHS = "$(inherited) @executable_path/Frameworks @loader_path/Frameworks";
				PRODUCT_NAME = "$(TARGET_NAME)";
				TEST_HOST = "$(BUILT_PRODUCTS_DIR)/YouTubeDemo2.app/YouTubeDemo2";
			};
			name = Debug;
		};
		993F5FE81B6E672700B393B8 /* Release */ = {
			isa = XCBuildConfiguration;
			buildSettings = {
				BUNDLE_LOADER = "$(TEST_HOST)";
				FRAMEWORK_SEARCH_PATHS = (
					"$(SDKROOT)/Developer/Library/Frameworks",
					"$(inherited)",
				);
				INFOPLIST_FILE = YouTubeDemo2Tests/Info.plist;
				LD_RUNPATH_SEARCH_PATHS = "$(inherited) @executable_path/Frameworks @loader_path/Frameworks";
				PRODUCT_NAME = "$(TARGET_NAME)";
				TEST_HOST = "$(BUILT_PRODUCTS_DIR)/YouTubeDemo2.app/YouTubeDemo2";
			};
			name = Release;
		};
/* End XCBuildConfiguration section */

/* Begin XCConfigurationList section */
		993F5FBB1B6E672700B393B8 /* Build configuration list for PBXProject "YouTubeDemo2" */ = {
			isa = XCConfigurationList;
			buildConfigurations = (
				993F5FE11B6E672700B393B8 /* Debug */,
				993F5FE21B6E672700B393B8 /* Release */,
			);
			defaultConfigurationIsVisible = 0;
			defaultConfigurationName = Release;
		};
		993F5FE31B6E672700B393B8 /* Build configuration list for PBXNativeTarget "YouTubeDemo2" */ = {
			isa = XCConfigurationList;
			buildConfigurations = (
				993F5FE41B6E672700B393B8 /* Debug */,
				993F5FE51B6E672700B393B8 /* Release */,
			);
			defaultConfigurationIsVisible = 0;
			defaultConfigurationName = Release;
		};
		993F5FE61B6E672700B393B8 /* Build configuration list for PBXNativeTarget "YouTubeDemo2Tests" */ = {
			isa = XCConfigurationList;
			buildConfigurations = (
				993F5FE71B6E672700B393B8 /* Debug */,
				993F5FE81B6E672700B393B8 /* Release */,
			);
			defaultConfigurationIsVisible = 0;
			defaultConfigurationName = Release;
		};
/* End XCConfigurationList section */
	};
	rootObject = 993F5FB81B6E672700B393B8 /* Project object */;
}
